// !$*UTF8*$!
{
	archiveVersion = 1;
	classes = {
	};
	objectVersion = 55;
	objects = {

/* Begin PBXBuildFile section */
		7B60E696F507C27AA4734943 /* Pods_FlixterTests.framework in Frameworks */ = {isa = PBXBuildFile; fileRef = EA0118AA1923AA4126423E52 /* Pods_FlixterTests.framework */; };
		910EE8739E85205791A44E7E /* Pods_Flixter_FlixterUITests.framework in Frameworks */ = {isa = PBXBuildFile; fileRef = C4E9AE6E202FCCAB5860E713 /* Pods_Flixter_FlixterUITests.framework */; };
		9CF71C367460B039BA3B2C43 /* Pods_Flixter.framework in Frameworks */ = {isa = PBXBuildFile; fileRef = DB768D3362AB17D02A8E9E66 /* Pods_Flixter.framework */; };
		B3538D0A27C45DB700CD5BC3 /* AppDelegate.swift in Sources */ = {isa = PBXBuildFile; fileRef = B3538D0927C45DB700CD5BC3 /* AppDelegate.swift */; };
		B3538D0C27C45DB700CD5BC3 /* SceneDelegate.swift in Sources */ = {isa = PBXBuildFile; fileRef = B3538D0B27C45DB700CD5BC3 /* SceneDelegate.swift */; };
		B3538D0E27C45DB700CD5BC3 /* ViewController.swift in Sources */ = {isa = PBXBuildFile; fileRef = B3538D0D27C45DB700CD5BC3 /* ViewController.swift */; };
		B3538D1127C45DB700CD5BC3 /* Main.storyboard in Resources */ = {isa = PBXBuildFile; fileRef = B3538D0F27C45DB700CD5BC3 /* Main.storyboard */; };
		B3538D1327C45DB800CD5BC3 /* Assets.xcassets in Resources */ = {isa = PBXBuildFile; fileRef = B3538D1227C45DB800CD5BC3 /* Assets.xcassets */; };
		B3538D1627C45DB800CD5BC3 /* LaunchScreen.storyboard in Resources */ = {isa = PBXBuildFile; fileRef = B3538D1427C45DB800CD5BC3 /* LaunchScreen.storyboard */; };
		B3538D2127C45DB800CD5BC3 /* FlixterTests.swift in Sources */ = {isa = PBXBuildFile; fileRef = B3538D2027C45DB800CD5BC3 /* FlixterTests.swift */; };
		B3538D2B27C45DB800CD5BC3 /* FlixterUITests.swift in Sources */ = {isa = PBXBuildFile; fileRef = B3538D2A27C45DB800CD5BC3 /* FlixterUITests.swift */; };
		B3538D2D27C45DB800CD5BC3 /* FlixterUITestsLaunchTests.swift in Sources */ = {isa = PBXBuildFile; fileRef = B3538D2C27C45DB800CD5BC3 /* FlixterUITestsLaunchTests.swift */; };
		B3538D3A27C97E1400CD5BC3 /* MovieCell.swift in Sources */ = {isa = PBXBuildFile; fileRef = B3538D3927C97E1400CD5BC3 /* MovieCell.swift */; };
		B3538D3D27C985C100CD5BC3 /* AlamofireImage in Frameworks */ = {isa = PBXBuildFile; productRef = B3538D3C27C985C100CD5BC3 /* AlamofireImage */; };
/* End PBXBuildFile section */

/* Begin PBXContainerItemProxy section */
		B3538D1D27C45DB800CD5BC3 /* PBXContainerItemProxy */ = {
			isa = PBXContainerItemProxy;
			containerPortal = B3538CFE27C45DB700CD5BC3 /* Project object */;
			proxyType = 1;
			remoteGlobalIDString = B3538D0527C45DB700CD5BC3;
			remoteInfo = Flixter;
		};
		B3538D2727C45DB800CD5BC3 /* PBXContainerItemProxy */ = {
			isa = PBXContainerItemProxy;
			containerPortal = B3538CFE27C45DB700CD5BC3 /* Project object */;
			proxyType = 1;
			remoteGlobalIDString = B3538D0527C45DB700CD5BC3;
			remoteInfo = Flixter;
		};
/* End PBXContainerItemProxy section */

/* Begin PBXFileReference section */
		3732E77F67B6481392ECE310 /* Pods-FlixterTests.debug.xcconfig */ = {isa = PBXFileReference; includeInIndex = 1; lastKnownFileType = text.xcconfig; name = "Pods-FlixterTests.debug.xcconfig"; path = "Target Support Files/Pods-FlixterTests/Pods-FlixterTests.debug.xcconfig"; sourceTree = "<group>"; };
		A0E1317FA661FBDBBD74782E /* Pods-FlixterTests.release.xcconfig */ = {isa = PBXFileReference; includeInIndex = 1; lastKnownFileType = text.xcconfig; name = "Pods-FlixterTests.release.xcconfig"; path = "Target Support Files/Pods-FlixterTests/Pods-FlixterTests.release.xcconfig"; sourceTree = "<group>"; };
		B0A64EDC2F5AFF22E4D73D2C /* Pods-Flixter-FlixterUITests.release.xcconfig */ = {isa = PBXFileReference; includeInIndex = 1; lastKnownFileType = text.xcconfig; name = "Pods-Flixter-FlixterUITests.release.xcconfig"; path = "Target Support Files/Pods-Flixter-FlixterUITests/Pods-Flixter-FlixterUITests.release.xcconfig"; sourceTree = "<group>"; };
		B3538D0627C45DB700CD5BC3 /* Flixter.app */ = {isa = PBXFileReference; explicitFileType = wrapper.application; includeInIndex = 0; path = Flixter.app; sourceTree = BUILT_PRODUCTS_DIR; };
		B3538D0927C45DB700CD5BC3 /* AppDelegate.swift */ = {isa = PBXFileReference; lastKnownFileType = sourcecode.swift; path = AppDelegate.swift; sourceTree = "<group>"; };
		B3538D0B27C45DB700CD5BC3 /* SceneDelegate.swift */ = {isa = PBXFileReference; lastKnownFileType = sourcecode.swift; path = SceneDelegate.swift; sourceTree = "<group>"; };
		B3538D0D27C45DB700CD5BC3 /* ViewController.swift */ = {isa = PBXFileReference; lastKnownFileType = sourcecode.swift; path = ViewController.swift; sourceTree = "<group>"; };
		B3538D1027C45DB700CD5BC3 /* Base */ = {isa = PBXFileReference; lastKnownFileType = file.storyboard; name = Base; path = Base.lproj/Main.storyboard; sourceTree = "<group>"; };
		B3538D1227C45DB800CD5BC3 /* Assets.xcassets */ = {isa = PBXFileReference; lastKnownFileType = folder.assetcatalog; path = Assets.xcassets; sourceTree = "<group>"; };
		B3538D1527C45DB800CD5BC3 /* Base */ = {isa = PBXFileReference; lastKnownFileType = file.storyboard; name = Base; path = Base.lproj/LaunchScreen.storyboard; sourceTree = "<group>"; };
		B3538D1727C45DB800CD5BC3 /* Info.plist */ = {isa = PBXFileReference; lastKnownFileType = text.plist.xml; path = Info.plist; sourceTree = "<group>"; };
		B3538D1C27C45DB800CD5BC3 /* FlixterTests.xctest */ = {isa = PBXFileReference; explicitFileType = wrapper.cfbundle; includeInIndex = 0; path = FlixterTests.xctest; sourceTree = BUILT_PRODUCTS_DIR; };
		B3538D2027C45DB800CD5BC3 /* FlixterTests.swift */ = {isa = PBXFileReference; lastKnownFileType = sourcecode.swift; path = FlixterTests.swift; sourceTree = "<group>"; };
		B3538D2627C45DB800CD5BC3 /* FlixterUITests.xctest */ = {isa = PBXFileReference; explicitFileType = wrapper.cfbundle; includeInIndex = 0; path = FlixterUITests.xctest; sourceTree = BUILT_PRODUCTS_DIR; };
		B3538D2A27C45DB800CD5BC3 /* FlixterUITests.swift */ = {isa = PBXFileReference; lastKnownFileType = sourcecode.swift; path = FlixterUITests.swift; sourceTree = "<group>"; };
		B3538D2C27C45DB800CD5BC3 /* FlixterUITestsLaunchTests.swift */ = {isa = PBXFileReference; lastKnownFileType = sourcecode.swift; path = FlixterUITestsLaunchTests.swift; sourceTree = "<group>"; };
		B3538D3927C97E1400CD5BC3 /* MovieCell.swift */ = {isa = PBXFileReference; lastKnownFileType = sourcecode.swift; path = MovieCell.swift; sourceTree = "<group>"; };
		BDA5E2447DBBB9FB847338BE /* Pods-Flixter-FlixterUITests.debug.xcconfig */ = {isa = PBXFileReference; includeInIndex = 1; lastKnownFileType = text.xcconfig; name = "Pods-Flixter-FlixterUITests.debug.xcconfig"; path = "Target Support Files/Pods-Flixter-FlixterUITests/Pods-Flixter-FlixterUITests.debug.xcconfig"; sourceTree = "<group>"; };
		C4E9AE6E202FCCAB5860E713 /* Pods_Flixter_FlixterUITests.framework */ = {isa = PBXFileReference; explicitFileType = wrapper.framework; includeInIndex = 0; path = Pods_Flixter_FlixterUITests.framework; sourceTree = BUILT_PRODUCTS_DIR; };
		CBF3B109B92BC142B7979716 /* Pods-Flixter.debug.xcconfig */ = {isa = PBXFileReference; includeInIndex = 1; lastKnownFileType = text.xcconfig; name = "Pods-Flixter.debug.xcconfig"; path = "Target Support Files/Pods-Flixter/Pods-Flixter.debug.xcconfig"; sourceTree = "<group>"; };
		DB768D3362AB17D02A8E9E66 /* Pods_Flixter.framework */ = {isa = PBXFileReference; explicitFileType = wrapper.framework; includeInIndex = 0; path = Pods_Flixter.framework; sourceTree = BUILT_PRODUCTS_DIR; };
		EA0118AA1923AA4126423E52 /* Pods_FlixterTests.framework */ = {isa = PBXFileReference; explicitFileType = wrapper.framework; includeInIndex = 0; path = Pods_FlixterTests.framework; sourceTree = BUILT_PRODUCTS_DIR; };
		FCA20D5D77BCEF31F29D032B /* Pods-Flixter.release.xcconfig */ = {isa = PBXFileReference; includeInIndex = 1; lastKnownFileType = text.xcconfig; name = "Pods-Flixter.release.xcconfig"; path = "Target Support Files/Pods-Flixter/Pods-Flixter.release.xcconfig"; sourceTree = "<group>"; };
/* End PBXFileReference section */

/* Begin PBXFrameworksBuildPhase section */
		B3538D0327C45DB700CD5BC3 /* Frameworks */ = {
			isa = PBXFrameworksBuildPhase;
			buildActionMask = 2147483647;
			files = (
				B3538D3D27C985C100CD5BC3 /* AlamofireImage in Frameworks */,
				9CF71C367460B039BA3B2C43 /* Pods_Flixter.framework in Frameworks */,
			);
			runOnlyForDeploymentPostprocessing = 0;
		};
		B3538D1927C45DB800CD5BC3 /* Frameworks */ = {
			isa = PBXFrameworksBuildPhase;
			buildActionMask = 2147483647;
			files = (
				7B60E696F507C27AA4734943 /* Pods_FlixterTests.framework in Frameworks */,
			);
			runOnlyForDeploymentPostprocessing = 0;
		};
		B3538D2327C45DB800CD5BC3 /* Frameworks */ = {
			isa = PBXFrameworksBuildPhase;
			buildActionMask = 2147483647;
			files = (
				910EE8739E85205791A44E7E /* Pods_Flixter_FlixterUITests.framework in Frameworks */,
			);
			runOnlyForDeploymentPostprocessing = 0;
		};
/* End PBXFrameworksBuildPhase section */

/* Begin PBXGroup section */
		8FEA5F747E10B52C90AD5DB6 /* Frameworks */ = {
			isa = PBXGroup;
			children = (
				DB768D3362AB17D02A8E9E66 /* Pods_Flixter.framework */,
				C4E9AE6E202FCCAB5860E713 /* Pods_Flixter_FlixterUITests.framework */,
				EA0118AA1923AA4126423E52 /* Pods_FlixterTests.framework */,
			);
			name = Frameworks;
			sourceTree = "<group>";
		};
		95529F6D1BA9C1ED7B800BEA /* Pods */ = {
			isa = PBXGroup;
			children = (
				CBF3B109B92BC142B7979716 /* Pods-Flixter.debug.xcconfig */,
				FCA20D5D77BCEF31F29D032B /* Pods-Flixter.release.xcconfig */,
				BDA5E2447DBBB9FB847338BE /* Pods-Flixter-FlixterUITests.debug.xcconfig */,
				B0A64EDC2F5AFF22E4D73D2C /* Pods-Flixter-FlixterUITests.release.xcconfig */,
				3732E77F67B6481392ECE310 /* Pods-FlixterTests.debug.xcconfig */,
				A0E1317FA661FBDBBD74782E /* Pods-FlixterTests.release.xcconfig */,
			);
			name = Pods;
			path = Pods;
			sourceTree = "<group>";
		};
		B3538CFD27C45DB700CD5BC3 = {
			isa = PBXGroup;
			children = (
				B3538D0827C45DB700CD5BC3 /* Flixter */,
				B3538D1F27C45DB800CD5BC3 /* FlixterTests */,
				B3538D2927C45DB800CD5BC3 /* FlixterUITests */,
				B3538D0727C45DB700CD5BC3 /* Products */,
				95529F6D1BA9C1ED7B800BEA /* Pods */,
				8FEA5F747E10B52C90AD5DB6 /* Frameworks */,
			);
			sourceTree = "<group>";
		};
		B3538D0727C45DB700CD5BC3 /* Products */ = {
			isa = PBXGroup;
			children = (
				B3538D0627C45DB700CD5BC3 /* Flixter.app */,
				B3538D1C27C45DB800CD5BC3 /* FlixterTests.xctest */,
				B3538D2627C45DB800CD5BC3 /* FlixterUITests.xctest */,
			);
			name = Products;
			sourceTree = "<group>";
		};
		B3538D0827C45DB700CD5BC3 /* Flixter */ = {
			isa = PBXGroup;
			children = (
				B3538D0927C45DB700CD5BC3 /* AppDelegate.swift */,
				B3538D0B27C45DB700CD5BC3 /* SceneDelegate.swift */,
				B3538D0D27C45DB700CD5BC3 /* ViewController.swift */,
				B3538D0F27C45DB700CD5BC3 /* Main.storyboard */,
				B3538D1227C45DB800CD5BC3 /* Assets.xcassets */,
				B3538D1427C45DB800CD5BC3 /* LaunchScreen.storyboard */,
				B3538D1727C45DB800CD5BC3 /* Info.plist */,
				B3538D3927C97E1400CD5BC3 /* MovieCell.swift */,
			);
			path = Flixter;
			sourceTree = "<group>";
		};
		B3538D1F27C45DB800CD5BC3 /* FlixterTests */ = {
			isa = PBXGroup;
			children = (
				B3538D2027C45DB800CD5BC3 /* FlixterTests.swift */,
			);
			path = FlixterTests;
			sourceTree = "<group>";
		};
		B3538D2927C45DB800CD5BC3 /* FlixterUITests */ = {
			isa = PBXGroup;
			children = (
				B3538D2A27C45DB800CD5BC3 /* FlixterUITests.swift */,
				B3538D2C27C45DB800CD5BC3 /* FlixterUITestsLaunchTests.swift */,
			);
			path = FlixterUITests;
			sourceTree = "<group>";
		};
/* End PBXGroup section */

/* Begin PBXNativeTarget section */
		B3538D0527C45DB700CD5BC3 /* Flixter */ = {
			isa = PBXNativeTarget;
			buildConfigurationList = B3538D3027C45DB800CD5BC3 /* Build configuration list for PBXNativeTarget "Flixter" */;
			buildPhases = (
				44C414A47152CF4352FE3F64 /* [CP] Check Pods Manifest.lock */,
				B3538D0227C45DB700CD5BC3 /* Sources */,
				B3538D0327C45DB700CD5BC3 /* Frameworks */,
				B3538D0427C45DB700CD5BC3 /* Resources */,
				8EA2135D87B0C96D1F96FDDE /* [CP] Embed Pods Frameworks */,
			);
			buildRules = (
			);
			dependencies = (
			);
			name = Flixter;
			packageProductDependencies = (
				B3538D3C27C985C100CD5BC3 /* AlamofireImage */,
			);
			productName = Flixter;
			productReference = B3538D0627C45DB700CD5BC3 /* Flixter.app */;
			productType = "com.apple.product-type.application";
		};
		B3538D1B27C45DB800CD5BC3 /* FlixterTests */ = {
			isa = PBXNativeTarget;
			buildConfigurationList = B3538D3327C45DB800CD5BC3 /* Build configuration list for PBXNativeTarget "FlixterTests" */;
			buildPhases = (
				F7007D4E55B46ACDEE23DA86 /* [CP] Check Pods Manifest.lock */,
				B3538D1827C45DB800CD5BC3 /* Sources */,
				B3538D1927C45DB800CD5BC3 /* Frameworks */,
				B3538D1A27C45DB800CD5BC3 /* Resources */,
			);
			buildRules = (
			);
			dependencies = (
				B3538D1E27C45DB800CD5BC3 /* PBXTargetDependency */,
			);
			name = FlixterTests;
			productName = FlixterTests;
			productReference = B3538D1C27C45DB800CD5BC3 /* FlixterTests.xctest */;
			productType = "com.apple.product-type.bundle.unit-test";
		};
		B3538D2527C45DB800CD5BC3 /* FlixterUITests */ = {
			isa = PBXNativeTarget;
			buildConfigurationList = B3538D3627C45DB800CD5BC3 /* Build configuration list for PBXNativeTarget "FlixterUITests" */;
			buildPhases = (
				0E233D8392C110A1B61A0980 /* [CP] Check Pods Manifest.lock */,
				B3538D2227C45DB800CD5BC3 /* Sources */,
				B3538D2327C45DB800CD5BC3 /* Frameworks */,
				B3538D2427C45DB800CD5BC3 /* Resources */,
				644B787DCAE4EAEED645423D /* [CP] Embed Pods Frameworks */,
			);
			buildRules = (
			);
			dependencies = (
				B3538D2827C45DB800CD5BC3 /* PBXTargetDependency */,
			);
			name = FlixterUITests;
			productName = FlixterUITests;
			productReference = B3538D2627C45DB800CD5BC3 /* FlixterUITests.xctest */;
			productType = "com.apple.product-type.bundle.ui-testing";
		};
/* End PBXNativeTarget section */

/* Begin PBXProject section */
		B3538CFE27C45DB700CD5BC3 /* Project object */ = {
			isa = PBXProject;
			attributes = {
				BuildIndependentTargetsInParallel = 1;
				LastSwiftUpdateCheck = 1320;
				LastUpgradeCheck = 1320;
				TargetAttributes = {
					B3538D0527C45DB700CD5BC3 = {
						CreatedOnToolsVersion = 13.2.1;
					};
					B3538D1B27C45DB800CD5BC3 = {
						CreatedOnToolsVersion = 13.2.1;
						TestTargetID = B3538D0527C45DB700CD5BC3;
					};
					B3538D2527C45DB800CD5BC3 = {
						CreatedOnToolsVersion = 13.2.1;
						TestTargetID = B3538D0527C45DB700CD5BC3;
					};
				};
			};
			buildConfigurationList = B3538D0127C45DB700CD5BC3 /* Build configuration list for PBXProject "Flixter" */;
			compatibilityVersion = "Xcode 13.0";
			developmentRegion = en;
			hasScannedForEncodings = 0;
			knownRegions = (
				en,
				Base,
			);
			mainGroup = B3538CFD27C45DB700CD5BC3;
			packageReferences = (
				B3538D3B27C985C100CD5BC3 /* XCRemoteSwiftPackageReference "AlamofireImage" */,
			);
			productRefGroup = B3538D0727C45DB700CD5BC3 /* Products */;
			projectDirPath = "";
			projectRoot = "";
			targets = (
				B3538D0527C45DB700CD5BC3 /* Flixter */,
				B3538D1B27C45DB800CD5BC3 /* FlixterTests */,
				B3538D2527C45DB800CD5BC3 /* FlixterUITests */,
			);
		};
/* End PBXProject section */

/* Begin PBXResourcesBuildPhase section */
		B3538D0427C45DB700CD5BC3 /* Resources */ = {
			isa = PBXResourcesBuildPhase;
			buildActionMask = 2147483647;
			files = (
				B3538D1627C45DB800CD5BC3 /* LaunchScreen.storyboard in Resources */,
				B3538D1327C45DB800CD5BC3 /* Assets.xcassets in Resources */,
				B3538D1127C45DB700CD5BC3 /* Main.storyboard in Resources */,
			);
			runOnlyForDeploymentPostprocessing = 0;
		};
		B3538D1A27C45DB800CD5BC3 /* Resources */ = {
			isa = PBXResourcesBuildPhase;
			buildActionMask = 2147483647;
			files = (
			);
			runOnlyForDeploymentPostprocessing = 0;
		};
		B3538D2427C45DB800CD5BC3 /* Resources */ = {
			isa = PBXResourcesBuildPhase;
			buildActionMask = 2147483647;
			files = (
			);
			runOnlyForDeploymentPostprocessing = 0;
		};
/* End PBXResourcesBuildPhase section */

/* Begin PBXShellScriptBuildPhase section */
		0E233D8392C110A1B61A0980 /* [CP] Check Pods Manifest.lock */ = {
			isa = PBXShellScriptBuildPhase;
			buildActionMask = 2147483647;
			files = (
			);
			inputFileListPaths = (
			);
			inputPaths = (
				"${PODS_PODFILE_DIR_PATH}/Podfile.lock",
				"${PODS_ROOT}/Manifest.lock",
			);
			name = "[CP] Check Pods Manifest.lock";
			outputFileListPaths = (
			);
			outputPaths = (
				"$(DERIVED_FILE_DIR)/Pods-Flixter-FlixterUITests-checkManifestLockResult.txt",
			);
			runOnlyForDeploymentPostprocessing = 0;
			shellPath = /bin/sh;
			shellScript = "diff \"${PODS_PODFILE_DIR_PATH}/Podfile.lock\" \"${PODS_ROOT}/Manifest.lock\" > /dev/null\nif [ $? != 0 ] ; then\n    # print error to STDERR\n    echo \"error: The sandbox is not in sync with the Podfile.lock. Run 'pod install' or update your CocoaPods installation.\" >&2\n    exit 1\nfi\n# This output is used by Xcode 'outputs' to avoid re-running this script phase.\necho \"SUCCESS\" > \"${SCRIPT_OUTPUT_FILE_0}\"\n";
			showEnvVarsInLog = 0;
		};
		44C414A47152CF4352FE3F64 /* [CP] Check Pods Manifest.lock */ = {
			isa = PBXShellScriptBuildPhase;
			buildActionMask = 2147483647;
			files = (
			);
			inputFileListPaths = (
			);
			inputPaths = (
				"${PODS_PODFILE_DIR_PATH}/Podfile.lock",
				"${PODS_ROOT}/Manifest.lock",
			);
			name = "[CP] Check Pods Manifest.lock";
			outputFileListPaths = (
			);
			outputPaths = (
				"$(DERIVED_FILE_DIR)/Pods-Flixter-checkManifestLockResult.txt",
			);
			runOnlyForDeploymentPostprocessing = 0;
			shellPath = /bin/sh;
			shellScript = "diff \"${PODS_PODFILE_DIR_PATH}/Podfile.lock\" \"${PODS_ROOT}/Manifest.lock\" > /dev/null\nif [ $? != 0 ] ; then\n    # print error to STDERR\n    echo \"error: The sandbox is not in sync with the Podfile.lock. Run 'pod install' or update your CocoaPods installation.\" >&2\n    exit 1\nfi\n# This output is used by Xcode 'outputs' to avoid re-running this script phase.\necho \"SUCCESS\" > \"${SCRIPT_OUTPUT_FILE_0}\"\n";
			showEnvVarsInLog = 0;
		};
		644B787DCAE4EAEED645423D /* [CP] Embed Pods Frameworks */ = {
			isa = PBXShellScriptBuildPhase;
			buildActionMask = 2147483647;
			files = (
			);
			inputFileListPaths = (
				"${PODS_ROOT}/Target Support Files/Pods-Flixter-FlixterUITests/Pods-Flixter-FlixterUITests-frameworks-${CONFIGURATION}-input-files.xcfilelist",
			);
			name = "[CP] Embed Pods Frameworks";
			outputFileListPaths = (
				"${PODS_ROOT}/Target Support Files/Pods-Flixter-FlixterUITests/Pods-Flixter-FlixterUITests-frameworks-${CONFIGURATION}-output-files.xcfilelist",
			);
			runOnlyForDeploymentPostprocessing = 0;
			shellPath = /bin/sh;
			shellScript = "\"${PODS_ROOT}/Target Support Files/Pods-Flixter-FlixterUITests/Pods-Flixter-FlixterUITests-frameworks.sh\"\n";
			showEnvVarsInLog = 0;
		};
		8EA2135D87B0C96D1F96FDDE /* [CP] Embed Pods Frameworks */ = {
			isa = PBXShellScriptBuildPhase;
			buildActionMask = 2147483647;
			files = (
			);
			inputFileListPaths = (
				"${PODS_ROOT}/Target Support Files/Pods-Flixter/Pods-Flixter-frameworks-${CONFIGURATION}-input-files.xcfilelist",
			);
			name = "[CP] Embed Pods Frameworks";
			outputFileListPaths = (
				"${PODS_ROOT}/Target Support Files/Pods-Flixter/Pods-Flixter-frameworks-${CONFIGURATION}-output-files.xcfilelist",
			);
			runOnlyForDeploymentPostprocessing = 0;
			shellPath = /bin/sh;
			shellScript = "\"${PODS_ROOT}/Target Support Files/Pods-Flixter/Pods-Flixter-frameworks.sh\"\n";
			showEnvVarsInLog = 0;
		};
		F7007D4E55B46ACDEE23DA86 /* [CP] Check Pods Manifest.lock */ = {
			isa = PBXShellScriptBuildPhase;
			buildActionMask = 2147483647;
			files = (
			);
			inputFileListPaths = (
			);
			inputPaths = (
				"${PODS_PODFILE_DIR_PATH}/Podfile.lock",
				"${PODS_ROOT}/Manifest.lock",
			);
			name = "[CP] Check Pods Manifest.lock";
			outputFileListPaths = (
			);
			outputPaths = (
				"$(DERIVED_FILE_DIR)/Pods-FlixterTests-checkManifestLockResult.txt",
			);
			runOnlyForDeploymentPostprocessing = 0;
			shellPath = /bin/sh;
			shellScript = "diff \"${PODS_PODFILE_DIR_PATH}/Podfile.lock\" \"${PODS_ROOT}/Manifest.lock\" > /dev/null\nif [ $? != 0 ] ; then\n    # print error to STDERR\n    echo \"error: The sandbox is not in sync with the Podfile.lock. Run 'pod install' or update your CocoaPods installation.\" >&2\n    exit 1\nfi\n# This output is used by Xcode 'outputs' to avoid re-running this script phase.\necho \"SUCCESS\" > \"${SCRIPT_OUTPUT_FILE_0}\"\n";
			showEnvVarsInLog = 0;
		};
/* End PBXShellScriptBuildPhase section */

/* Begin PBXSourcesBuildPhase section */
		B3538D0227C45DB700CD5BC3 /* Sources */ = {
			isa = PBXSourcesBuildPhase;
			buildActionMask = 2147483647;
			files = (
				B3538D0E27C45DB700CD5BC3 /* ViewController.swift in Sources */,
				B3538D0A27C45DB700CD5BC3 /* AppDelegate.swift in Sources */,
				B3538D3A27C97E1400CD5BC3 /* MovieCell.swift in Sources */,
				B3538D0C27C45DB700CD5BC3 /* SceneDelegate.swift in Sources */,
			);
			runOnlyForDeploymentPostprocessing = 0;
		};
		B3538D1827C45DB800CD5BC3 /* Sources */ = {
			isa = PBXSourcesBuildPhase;
			buildActionMask = 2147483647;
			files = (
				B3538D2127C45DB800CD5BC3 /* FlixterTests.swift in Sources */,
			);
			runOnlyForDeploymentPostprocessing = 0;
		};
		B3538D2227C45DB800CD5BC3 /* Sources */ = {
			isa = PBXSourcesBuildPhase;
			buildActionMask = 2147483647;
			files = (
				B3538D2B27C45DB800CD5BC3 /* FlixterUITests.swift in Sources */,
				B3538D2D27C45DB800CD5BC3 /* FlixterUITestsLaunchTests.swift in Sources */,
			);
			runOnlyForDeploymentPostprocessing = 0;
		};
/* End PBXSourcesBuildPhase section */

/* Begin PBXTargetDependency section */
		B3538D1E27C45DB800CD5BC3 /* PBXTargetDependency */ = {
			isa = PBXTargetDependency;
			target = B3538D0527C45DB700CD5BC3 /* Flixter */;
			targetProxy = B3538D1D27C45DB800CD5BC3 /* PBXContainerItemProxy */;
		};
		B3538D2827C45DB800CD5BC3 /* PBXTargetDependency */ = {
			isa = PBXTargetDependency;
			target = B3538D0527C45DB700CD5BC3 /* Flixter */;
			targetProxy = B3538D2727C45DB800CD5BC3 /* PBXContainerItemProxy */;
		};
/* End PBXTargetDependency section */

/* Begin PBXVariantGroup section */
		B3538D0F27C45DB700CD5BC3 /* Main.storyboard */ = {
			isa = PBXVariantGroup;
			children = (
				B3538D1027C45DB700CD5BC3 /* Base */,
			);
			name = Main.storyboard;
			sourceTree = "<group>";
		};
		B3538D1427C45DB800CD5BC3 /* LaunchScreen.storyboard */ = {
			isa = PBXVariantGroup;
			children = (
				B3538D1527C45DB800CD5BC3 /* Base */,
			);
			name = LaunchScreen.storyboard;
			sourceTree = "<group>";
		};
/* End PBXVariantGroup section */

/* Begin XCBuildConfiguration section */
		B3538D2E27C45DB800CD5BC3 /* Debug */ = {
			isa = XCBuildConfiguration;
			buildSettings = {
				ALWAYS_SEARCH_USER_PATHS = NO;
				CLANG_ANALYZER_NONNULL = YES;
				CLANG_ANALYZER_NUMBER_OBJECT_CONVERSION = YES_AGGRESSIVE;
				CLANG_CXX_LANGUAGE_STANDARD = "gnu++17";
				CLANG_CXX_LIBRARY = "libc++";
				CLANG_ENABLE_MODULES = YES;
				CLANG_ENABLE_OBJC_ARC = YES;
				CLANG_ENABLE_OBJC_WEAK = YES;
				CLANG_WARN_BLOCK_CAPTURE_AUTORELEASING = YES;
				CLANG_WARN_BOOL_CONVERSION = YES;
				CLANG_WARN_COMMA = YES;
				CLANG_WARN_CONSTANT_CONVERSION = YES;
				CLANG_WARN_DEPRECATED_OBJC_IMPLEMENTATIONS = YES;
				CLANG_WARN_DIRECT_OBJC_ISA_USAGE = YES_ERROR;
				CLANG_WARN_DOCUMENTATION_COMMENTS = YES;
				CLANG_WARN_EMPTY_BODY = YES;
				CLANG_WARN_ENUM_CONVERSION = YES;
				CLANG_WARN_INFINITE_RECURSION = YES;
				CLANG_WARN_INT_CONVERSION = YES;
				CLANG_WARN_NON_LITERAL_NULL_CONVERSION = YES;
				CLANG_WARN_OBJC_IMPLICIT_RETAIN_SELF = YES;
				CLANG_WARN_OBJC_LITERAL_CONVERSION = YES;
				CLANG_WARN_OBJC_ROOT_CLASS = YES_ERROR;
				CLANG_WARN_QUOTED_INCLUDE_IN_FRAMEWORK_HEADER = YES;
				CLANG_WARN_RANGE_LOOP_ANALYSIS = YES;
				CLANG_WARN_STRICT_PROTOTYPES = YES;
				CLANG_WARN_SUSPICIOUS_MOVE = YES;
				CLANG_WARN_UNGUARDED_AVAILABILITY = YES_AGGRESSIVE;
				CLANG_WARN_UNREACHABLE_CODE = YES;
				CLANG_WARN__DUPLICATE_METHOD_MATCH = YES;
				COPY_PHASE_STRIP = NO;
				DEBUG_INFORMATION_FORMAT = dwarf;
				ENABLE_STRICT_OBJC_MSGSEND = YES;
				ENABLE_TESTABILITY = YES;
				GCC_C_LANGUAGE_STANDARD = gnu11;
				GCC_DYNAMIC_NO_PIC = NO;
				GCC_NO_COMMON_BLOCKS = YES;
				GCC_OPTIMIZATION_LEVEL = 0;
				GCC_PREPROCESSOR_DEFINITIONS = (
					"DEBUG=1",
					"$(inherited)",
				);
				GCC_WARN_64_TO_32_BIT_CONVERSION = YES;
				GCC_WARN_ABOUT_RETURN_TYPE = YES_ERROR;
				GCC_WARN_UNDECLARED_SELECTOR = YES;
				GCC_WARN_UNINITIALIZED_AUTOS = YES_AGGRESSIVE;
				GCC_WARN_UNUSED_FUNCTION = YES;
				GCC_WARN_UNUSED_VARIABLE = YES;
				IPHONEOS_DEPLOYMENT_TARGET = 15.2;
				MTL_ENABLE_DEBUG_INFO = INCLUDE_SOURCE;
				MTL_FAST_MATH = YES;
				ONLY_ACTIVE_ARCH = YES;
				SDKROOT = iphoneos;
				SWIFT_ACTIVE_COMPILATION_CONDITIONS = DEBUG;
				SWIFT_OPTIMIZATION_LEVEL = "-Onone";
			};
			name = Debug;
		};
		B3538D2F27C45DB800CD5BC3 /* Release */ = {
			isa = XCBuildConfiguration;
			buildSettings = {
				ALWAYS_SEARCH_USER_PATHS = NO;
				CLANG_ANALYZER_NONNULL = YES;
				CLANG_ANALYZER_NUMBER_OBJECT_CONVERSION = YES_AGGRESSIVE;
				CLANG_CXX_LANGUAGE_STANDARD = "gnu++17";
				CLANG_CXX_LIBRARY = "libc++";
				CLANG_ENABLE_MODULES = YES;
				CLANG_ENABLE_OBJC_ARC = YES;
				CLANG_ENABLE_OBJC_WEAK = YES;
				CLANG_WARN_BLOCK_CAPTURE_AUTORELEASING = YES;
				CLANG_WARN_BOOL_CONVERSION = YES;
				CLANG_WARN_COMMA = YES;
				CLANG_WARN_CONSTANT_CONVERSION = YES;
				CLANG_WARN_DEPRECATED_OBJC_IMPLEMENTATIONS = YES;
				CLANG_WARN_DIRECT_OBJC_ISA_USAGE = YES_ERROR;
				CLANG_WARN_DOCUMENTATION_COMMENTS = YES;
				CLANG_WARN_EMPTY_BODY = YES;
				CLANG_WARN_ENUM_CONVERSION = YES;
				CLANG_WARN_INFINITE_RECURSION = YES;
				CLANG_WARN_INT_CONVERSION = YES;
				CLANG_WARN_NON_LITERAL_NULL_CONVERSION = YES;
				CLANG_WARN_OBJC_IMPLICIT_RETAIN_SELF = YES;
				CLANG_WARN_OBJC_LITERAL_CONVERSION = YES;
				CLANG_WARN_OBJC_ROOT_CLASS = YES_ERROR;
				CLANG_WARN_QUOTED_INCLUDE_IN_FRAMEWORK_HEADER = YES;
				CLANG_WARN_RANGE_LOOP_ANALYSIS = YES;
				CLANG_WARN_STRICT_PROTOTYPES = YES;
				CLANG_WARN_SUSPICIOUS_MOVE = YES;
				CLANG_WARN_UNGUARDED_AVAILABILITY = YES_AGGRESSIVE;
				CLANG_WARN_UNREACHABLE_CODE = YES;
				CLANG_WARN__DUPLICATE_METHOD_MATCH = YES;
				COPY_PHASE_STRIP = NO;
				DEBUG_INFORMATION_FORMAT = "dwarf-with-dsym";
				ENABLE_NS_ASSERTIONS = NO;
				ENABLE_STRICT_OBJC_MSGSEND = YES;
				GCC_C_LANGUAGE_STANDARD = gnu11;
				GCC_NO_COMMON_BLOCKS = YES;
				GCC_WARN_64_TO_32_BIT_CONVERSION = YES;
				GCC_WARN_ABOUT_RETURN_TYPE = YES_ERROR;
				GCC_WARN_UNDECLARED_SELECTOR = YES;
				GCC_WARN_UNINITIALIZED_AUTOS = YES_AGGRESSIVE;
				GCC_WARN_UNUSED_FUNCTION = YES;
				GCC_WARN_UNUSED_VARIABLE = YES;
				IPHONEOS_DEPLOYMENT_TARGET = 15.2;
				MTL_ENABLE_DEBUG_INFO = NO;
				MTL_FAST_MATH = YES;
				SDKROOT = iphoneos;
				SWIFT_COMPILATION_MODE = wholemodule;
				SWIFT_OPTIMIZATION_LEVEL = "-O";
				VALIDATE_PRODUCT = YES;
			};
			name = Release;
		};
		B3538D3127C45DB800CD5BC3 /* Debug */ = {
			isa = XCBuildConfiguration;
			baseConfigurationReference = CBF3B109B92BC142B7979716 /* Pods-Flixter.debug.xcconfig */;
			buildSettings = {
				ASSETCATALOG_COMPILER_APPICON_NAME = AppIcon;
				ASSETCATALOG_COMPILER_GLOBAL_ACCENT_COLOR_NAME = AccentColor;
				CODE_SIGN_STYLE = Automatic;
				CURRENT_PROJECT_VERSION = 1;
				DEVELOPMENT_TEAM = 9QNDG65W4Z;
				GENERATE_INFOPLIST_FILE = YES;
				INFOPLIST_FILE = Flixter/Info.plist;
				INFOPLIST_KEY_UIApplicationSupportsIndirectInputEvents = YES;
				INFOPLIST_KEY_UILaunchStoryboardName = LaunchScreen;
				INFOPLIST_KEY_UIMainStoryboardFile = Main;
				INFOPLIST_KEY_UISupportedInterfaceOrientations_iPad = "UIInterfaceOrientationPortrait UIInterfaceOrientationPortraitUpsideDown UIInterfaceOrientationLandscapeLeft UIInterfaceOrientationLandscapeRight";
				INFOPLIST_KEY_UISupportedInterfaceOrientations_iPhone = "UIInterfaceOrientationPortrait UIInterfaceOrientationLandscapeLeft UIInterfaceOrientationLandscapeRight";
				LD_RUNPATH_SEARCH_PATHS = (
					"$(inherited)",
					"@executable_path/Frameworks",
				);
				MARKETING_VERSION = 1.0;
				PRODUCT_BUNDLE_IDENTIFIER = memo.com.Flixter;
				PRODUCT_NAME = "$(TARGET_NAME)";
				SWIFT_EMIT_LOC_STRINGS = YES;
				SWIFT_VERSION = 5.0;
				TARGETED_DEVICE_FAMILY = "1,2";
			};
			name = Debug;
		};
		B3538D3227C45DB800CD5BC3 /* Release */ = {
			isa = XCBuildConfiguration;
			baseConfigurationReference = FCA20D5D77BCEF31F29D032B /* Pods-Flixter.release.xcconfig */;
			buildSettings = {
				ASSETCATALOG_COMPILER_APPICON_NAME = AppIcon;
				ASSETCATALOG_COMPILER_GLOBAL_ACCENT_COLOR_NAME = AccentColor;
				CODE_SIGN_STYLE = Automatic;
				CURRENT_PROJECT_VERSION = 1;
				DEVELOPMENT_TEAM = 9QNDG65W4Z;
				GENERATE_INFOPLIST_FILE = YES;
				INFOPLIST_FILE = Flixter/Info.plist;
				INFOPLIST_KEY_UIApplicationSupportsIndirectInputEvents = YES;
				INFOPLIST_KEY_UILaunchStoryboardName = LaunchScreen;
				INFOPLIST_KEY_UIMainStoryboardFile = Main;
				INFOPLIST_KEY_UISupportedInterfaceOrientations_iPad = "UIInterfaceOrientationPortrait UIInterfaceOrientationPortraitUpsideDown UIInterfaceOrientationLandscapeLeft UIInterfaceOrientationLandscapeRight";
				INFOPLIST_KEY_UISupportedInterfaceOrientations_iPhone = "UIInterfaceOrientationPortrait UIInterfaceOrientationLandscapeLeft UIInterfaceOrientationLandscapeRight";
				LD_RUNPATH_SEARCH_PATHS = (
					"$(inherited)",
					"@executable_path/Frameworks",
				);
				MARKETING_VERSION = 1.0;
				PRODUCT_BUNDLE_IDENTIFIER = memo.com.Flixter;
				PRODUCT_NAME = "$(TARGET_NAME)";
				SWIFT_EMIT_LOC_STRINGS = YES;
				SWIFT_VERSION = 5.0;
				TARGETED_DEVICE_FAMILY = "1,2";
			};
			name = Release;
		};
		B3538D3427C45DB800CD5BC3 /* Debug */ = {
			isa = XCBuildConfiguration;
			baseConfigurationReference = 3732E77F67B6481392ECE310 /* Pods-FlixterTests.debug.xcconfig */;
			buildSettings = {
				ALWAYS_EMBED_SWIFT_STANDARD_LIBRARIES = YES;
				BUNDLE_LOADER = "$(TEST_HOST)";
				CODE_SIGN_STYLE = Automatic;
				CURRENT_PROJECT_VERSION = 1;
				DEVELOPMENT_TEAM = 9QNDG65W4Z;
				GENERATE_INFOPLIST_FILE = YES;
				IPHONEOS_DEPLOYMENT_TARGET = 15.2;
				MARKETING_VERSION = 1.0;
				PRODUCT_BUNDLE_IDENTIFIER = memo.com.FlixterTests;
				PRODUCT_NAME = "$(TARGET_NAME)";
				SWIFT_EMIT_LOC_STRINGS = NO;
				SWIFT_VERSION = 5.0;
				TARGETED_DEVICE_FAMILY = "1,2";
				TEST_HOST = "$(BUILT_PRODUCTS_DIR)/Flixter.app/Flixter";
			};
			name = Debug;
		};
		B3538D3527C45DB800CD5BC3 /* Release */ = {
			isa = XCBuildConfiguration;
			baseConfigurationReference = A0E1317FA661FBDBBD74782E /* Pods-FlixterTests.release.xcconfig */;
			buildSettings = {
				ALWAYS_EMBED_SWIFT_STANDARD_LIBRARIES = YES;
				BUNDLE_LOADER = "$(TEST_HOST)";
				CODE_SIGN_STYLE = Automatic;
				CURRENT_PROJECT_VERSION = 1;
				DEVELOPMENT_TEAM = 9QNDG65W4Z;
				GENERATE_INFOPLIST_FILE = YES;
				IPHONEOS_DEPLOYMENT_TARGET = 15.2;
				MARKETING_VERSION = 1.0;
				PRODUCT_BUNDLE_IDENTIFIER = memo.com.FlixterTests;
				PRODUCT_NAME = "$(TARGET_NAME)";
				SWIFT_EMIT_LOC_STRINGS = NO;
				SWIFT_VERSION = 5.0;
				TARGETED_DEVICE_FAMILY = "1,2";
				TEST_HOST = "$(BUILT_PRODUCTS_DIR)/Flixter.app/Flixter";
			};
			name = Release;
		};
		B3538D3727C45DB800CD5BC3 /* Debug */ = {
			isa = XCBuildConfiguration;
			baseConfigurationReference = BDA5E2447DBBB9FB847338BE /* Pods-Flixter-FlixterUITests.debug.xcconfig */;
			buildSettings = {
				ALWAYS_EMBED_SWIFT_STANDARD_LIBRARIES = YES;
				CODE_SIGN_STYLE = Automatic;
				CURRENT_PROJECT_VERSION = 1;
				DEVELOPMENT_TEAM = 9QNDG65W4Z;
				GENERATE_INFOPLIST_FILE = YES;
				MARKETING_VERSION = 1.0;
				PRODUCT_BUNDLE_IDENTIFIER = memo.com.FlixterUITests;
				PRODUCT_NAME = "$(TARGET_NAME)";
				SWIFT_EMIT_LOC_STRINGS = NO;
				SWIFT_VERSION = 5.0;
				TARGETED_DEVICE_FAMILY = "1,2";
				TEST_TARGET_NAME = Flixter;
			};
			name = Debug;
		};
		B3538D3827C45DB800CD5BC3 /* Release */ = {
			isa = XCBuildConfiguration;
			baseConfigurationReference = B0A64EDC2F5AFF22E4D73D2C /* Pods-Flixter-FlixterUITests.release.xcconfig */;
			buildSettings = {
				ALWAYS_EMBED_SWIFT_STANDARD_LIBRARIES = YES;
				CODE_SIGN_STYLE = Automatic;
				CURRENT_PROJECT_VERSION = 1;
				DEVELOPMENT_TEAM = 9QNDG65W4Z;
				GENERATE_INFOPLIST_FILE = YES;
				MARKETING_VERSION = 1.0;
				PRODUCT_BUNDLE_IDENTIFIER = memo.com.FlixterUITests;
				PRODUCT_NAME = "$(TARGET_NAME)";
				SWIFT_EMIT_LOC_STRINGS = NO;
				SWIFT_VERSION = 5.0;
				TARGETED_DEVICE_FAMILY = "1,2";
				TEST_TARGET_NAME = Flixter;
			};
			name = Release;
		};
/* End XCBuildConfiguration section */

/* Begin XCConfigurationList section */
		B3538D0127C45DB700CD5BC3 /* Build configuration list for PBXProject "Flixter" */ = {
			isa = XCConfigurationList;
			buildConfigurations = (
				B3538D2E27C45DB800CD5BC3 /* Debug */,
				B3538D2F27C45DB800CD5BC3 /* Release */,
			);
			defaultConfigurationIsVisible = 0;
			defaultConfigurationName = Release;
		};
		B3538D3027C45DB800CD5BC3 /* Build configuration list for PBXNativeTarget "Flixter" */ = {
			isa = XCConfigurationList;
			buildConfigurations = (
				B3538D3127C45DB800CD5BC3 /* Debug */,
				B3538D3227C45DB800CD5BC3 /* Release */,
			);
			defaultConfigurationIsVisible = 0;
			defaultConfigurationName = Release;
		};
		B3538D3327C45DB800CD5BC3 /* Build configuration list for PBXNativeTarget "FlixterTests" */ = {
			isa = XCConfigurationList;
			buildConfigurations = (
				B3538D3427C45DB800CD5BC3 /* Debug */,
				B3538D3527C45DB800CD5BC3 /* Release */,
			);
			defaultConfigurationIsVisible = 0;
			defaultConfigurationName = Release;
		};
		B3538D3627C45DB800CD5BC3 /* Build configuration list for PBXNativeTarget "FlixterUITests" */ = {
			isa = XCConfigurationList;
			buildConfigurations = (
				B3538D3727C45DB800CD5BC3 /* Debug */,
				B3538D3827C45DB800CD5BC3 /* Release */,
			);
			defaultConfigurationIsVisible = 0;
			defaultConfigurationName = Release;
		};
/* End XCConfigurationList section */

/* Begin XCRemoteSwiftPackageReference section */
		B3538D3B27C985C100CD5BC3 /* XCRemoteSwiftPackageReference "AlamofireImage" */ = {
			isa = XCRemoteSwiftPackageReference;
			repositoryURL = "https://github.com/Alamofire/AlamofireImage";
			requirement = {
				kind = upToNextMajorVersion;
				minimumVersion = 4.0.0;
			};
		};
/* End XCRemoteSwiftPackageReference section */

/* Begin XCSwiftPackageProductDependency section */
		B3538D3C27C985C100CD5BC3 /* AlamofireImage */ = {
			isa = XCSwiftPackageProductDependency;
			package = B3538D3B27C985C100CD5BC3 /* XCRemoteSwiftPackageReference "AlamofireImage" */;
			productName = AlamofireImage;
		};
/* End XCSwiftPackageProductDependency section */
	};
	rootObject = B3538CFE27C45DB700CD5BC3 /* Project object */;
}
